
Microsoft Visual Studio Solution File, Format Version 12.00
# Visual Studio 15
VisualStudioVersion = 15.0.27130.2024
MinimumVisualStudioVersion = 10.0.40219.1
Project("{2150E333-8FDC-42A3-9474-1A3956D46DE8}") = "01 kintamieji", "01 kintamieji", "{20E411DF-0D65-414F-824D-B0D85DED2FE9}"
EndProject
Project("{2150E333-8FDC-42A3-9474-1A3956D46DE8}") = "02 isvedimai", "02 isvedimai", "{80AE6DC3-8211-4ECA-859C-30732C23E5FA}"
EndProject
Project("{2150E333-8FDC-42A3-9474-1A3956D46DE8}") = "03 aritmetiniai veiksmai", "03 aritmetiniai veiksmai", "{5BA916D1-078B-4F5C-878D-1643BD5365EE}"
EndProject
Project("{FAE04EC0-301F-11D3-BF4B-00C04F79EFBC}") = "01-1 uzduotis", "01-1 uzduotis\01-1 uzduotis.csproj", "{1A4E8050-3ABC-4AF2-939F-D39144445D65}"
EndProject
Project("{FAE04EC0-301F-11D3-BF4B-00C04F79EFBC}") = "02-1 uzduotis", "02-1 uzduotis\02-1 uzduotis.csproj", "{96C4B5B1-8523-47BA-8358-20EB779FF8A7}"
EndProject
Project("{FAE04EC0-301F-11D3-BF4B-00C04F79EFBC}") = "02-2 uzduotis", "02-2 uzduotis\02-2 uzduotis.csproj", "{616879CD-EFE0-4785-914D-D1D6E2D96006}"
EndProject
Project("{FAE04EC0-301F-11D3-BF4B-00C04F79EFBC}") = "02-3 uzduotis", "02-3 uzduotis\02-3 uzduotis.csproj", "{FCB67FBE-A7C6-45FD-9B7F-095A124E46D6}"
EndProject
Project("{FAE04EC0-301F-11D3-BF4B-00C04F79EFBC}") = "02-4 uzduotis", "02-4 uzduotis\02-4 uzduotis.csproj", "{A8772190-7F9F-4247-8BC0-60FF90E17C03}"
EndProject
Project("{FAE04EC0-301F-11D3-BF4B-00C04F79EFBC}") = "02-5", "02-5\02-5.csproj", "{DCE633BA-3A1F-4A56-AE0B-19C0C3746C79}"
EndProject
Project("{FAE04EC0-301F-11D3-BF4B-00C04F79EFBC}") = "03-1 uzduotis", "03-1 uzduotis\03-1 uzduotis.csproj", "{4C5D6D64-0026-4731-BB66-ED07FD270FCA}"
EndProject
Project("{FAE04EC0-301F-11D3-BF4B-00C04F79EFBC}") = "03-2 uzduotis", "03-2 uzduotis\03-2 uzduotis.csproj", "{41F17999-761B-4A72-8204-47C0D3FC2739}"
EndProject
Project("{2150E333-8FDC-42A3-9474-1A3956D46DE8}") = "04 ivedimai", "04 ivedimai", "{D0C7ED54-23FB-458D-B894-BE643D4E43CA}"
EndProject
Project("{FAE04EC0-301F-11D3-BF4B-00C04F79EFBC}") = "04-1 uzduotis", "04-1 uzduotis\04-1 uzduotis.csproj", "{F1FCFDC3-D975-4DBC-B2B5-F1A9EB340A3E}"
EndProject
Project("{2150E333-8FDC-42A3-9474-1A3956D46DE8}") = "05 pakartojimas", "05 pakartojimas", "{4E6DD2F3-B732-4666-BC0F-00C515F8DC3C}"
EndProject
Project("{FAE04EC0-301F-11D3-BF4B-00C04F79EFBC}") = "05-1 pakartojimas", "05-1 pakartojimas\05-1 pakartojimas.csproj", "{1C230B79-474F-4B73-9F94-BCBCE79D8738}"
EndProject
Project("{2150E333-8FDC-42A3-9474-1A3956D46DE8}") = "06 if salyga", "06 if salyga", "{D2682877-6FBD-46B1-B7FF-999C10DB4934}"
EndProject
Project("{FAE04EC0-301F-11D3-BF4B-00C04F79EFBC}") = "06-1 uzduotis", "06-1 uzduotis\06-1 uzduotis.csproj", "{648A9185-2505-4B51-946A-EDB487A16436}"
EndProject
Project("{2150E333-8FDC-42A3-9474-1A3956D46DE8}") = "07 else if", "07 else if", "{D5B88D55-C662-4B32-82CE-AF8CEE5FF88A}"
EndProject
Project("{FAE04EC0-301F-11D3-BF4B-00C04F79EFBC}") = "07-1 uzduotis", "07-1 uzduotis\07-1 uzduotis.csproj", "{EDEED1BC-3965-4F4E-94DD-AEE03AD1AFFA}"
EndProject
Project("{2150E333-8FDC-42A3-9474-1A3956D46DE8}") = "08 else", "08 else", "{099C65D2-3162-41D3-809C-903C551ECB23}"
EndProject
Project("{FAE04EC0-301F-11D3-BF4B-00C04F79EFBC}") = "08-1 uduotis", "08-1 uduotis\08-1 uduotis.csproj", "{0A8A456E-39BE-49C3-B98A-F972BA2072B3}"
EndProject
Project("{2150E333-8FDC-42A3-9474-1A3956D46DE8}") = "09 switch salyga", "09 switch salyga", "{02E65855-81E0-44C1-84DF-0DB1BD6619E0}"
EndProject
Project("{FAE04EC0-301F-11D3-BF4B-00C04F79EFBC}") = "09-1 uzduotis", "09-1 uzduotis\09-1 uzduotis.csproj", "{8010B1C2-29E6-4854-A80F-1FEA01A2410B}"
EndProject
Project("{2150E333-8FDC-42A3-9474-1A3956D46DE8}") = "10 tarpine uzduotis", "10 tarpine uzduotis", "{14BAAC91-E095-425A-822F-BA42957576E9}"
EndProject
Project("{FAE04EC0-301F-11D3-BF4B-00C04F79EFBC}") = "10 tarpine uzduotis", "10 tarpine uzduotis\10 tarpine uzduotis.csproj", "{B465CDE0-DFB3-4E6A-B9AD-872CFA4EF367}"
EndProject
Project("{2150E333-8FDC-42A3-9474-1A3956D46DE8}") = "11 ciklas for", "11 ciklas for", "{6F3AEE78-A86D-445E-B594-F024625FEC31}"
EndProject
Project("{FAE04EC0-301F-11D3-BF4B-00C04F79EFBC}") = "11-1 for pavyzdziai", "11-1 for pavyzdziai\11-1 for pavyzdziai.csproj", "{F1928390-800E-4F1A-98BE-5EEF047DE04A}"
EndProject
Project("{FAE04EC0-301F-11D3-BF4B-00C04F79EFBC}") = "11-7 uzduotis", "11-7 uzduotis\11-7 uzduotis.csproj", "{7D7744B1-C8DF-45BD-9D68-6D3212E02043}"
EndProject
Project("{FAE04EC0-301F-11D3-BF4B-00C04F79EFBC}") = "11-9 uzduotis", "11-9 uzduotis\11-9 uzduotis.csproj", "{C308F37D-2F56-4110-BE95-E6E289FBD27A}"
EndProject
Project("{FAE04EC0-301F-11D3-BF4B-00C04F79EFBC}") = "11-12 uzduotis", "11-12 uzduotis\11-12 uzduotis.csproj", "{B1361CA7-42B7-4B12-8652-A82297C2771E}"
EndProject
Project("{2150E333-8FDC-42A3-9474-1A3956D46DE8}") = "12 ciklas while", "12 ciklas while", "{F04DE687-E4BF-4360-BCFB-55DFA688AEE5}"
EndProject
Project("{FAE04EC0-301F-11D3-BF4B-00C04F79EFBC}") = "12-1 uzduotis", "12-1 uzduotis\12-1 uzduotis.csproj", "{C88A4A0D-A3F9-47F7-8C84-CC9AF4D1DE2A}"
EndProject
Project("{FAE04EC0-301F-11D3-BF4B-00C04F79EFBC}") = "12-3 uzduotis", "12-3 uzduotis\12-3 uzduotis.csproj", "{D9C1988E-B737-4D57-B22C-B715E9DBE436}"
EndProject
Project("{FAE04EC0-301F-11D3-BF4B-00C04F79EFBC}") = "12-4 uzduotis", "12-4 uzduotis\12-4 uzduotis.csproj", "{6BB8D972-A10A-4E86-A621-BA7F5E65D95D}"
EndProject
Project("{FAE04EC0-301F-11D3-BF4B-00C04F79EFBC}") = "12-5", "12-5\12-5.csproj", "{E3ABE8E0-A99A-4781-ABBB-488BF3D18D79}"
EndProject
Project("{FAE04EC0-301F-11D3-BF4B-00C04F79EFBC}") = "12-6 random", "12-6 random\12-6 random.csproj", "{D0C3A392-827D-4607-9172-FD6149A87FAE}"
EndProject
Global
	GlobalSection(SolutionConfigurationPlatforms) = preSolution
		Debug|Any CPU = Debug|Any CPU
		Release|Any CPU = Release|Any CPU
	EndGlobalSection
	GlobalSection(ProjectConfigurationPlatforms) = postSolution
		{1A4E8050-3ABC-4AF2-939F-D39144445D65}.Debug|Any CPU.ActiveCfg = Debug|Any CPU
		{1A4E8050-3ABC-4AF2-939F-D39144445D65}.Debug|Any CPU.Build.0 = Debug|Any CPU
		{1A4E8050-3ABC-4AF2-939F-D39144445D65}.Release|Any CPU.ActiveCfg = Release|Any CPU
		{1A4E8050-3ABC-4AF2-939F-D39144445D65}.Release|Any CPU.Build.0 = Release|Any CPU
		{96C4B5B1-8523-47BA-8358-20EB779FF8A7}.Debug|Any CPU.ActiveCfg = Debug|Any CPU
		{96C4B5B1-8523-47BA-8358-20EB779FF8A7}.Debug|Any CPU.Build.0 = Debug|Any CPU
		{96C4B5B1-8523-47BA-8358-20EB779FF8A7}.Release|Any CPU.ActiveCfg = Release|Any CPU
		{96C4B5B1-8523-47BA-8358-20EB779FF8A7}.Release|Any CPU.Build.0 = Release|Any CPU
		{616879CD-EFE0-4785-914D-D1D6E2D96006}.Debug|Any CPU.ActiveCfg = Debug|Any CPU
		{616879CD-EFE0-4785-914D-D1D6E2D96006}.Debug|Any CPU.Build.0 = Debug|Any CPU
		{616879CD-EFE0-4785-914D-D1D6E2D96006}.Release|Any CPU.ActiveCfg = Release|Any CPU
		{616879CD-EFE0-4785-914D-D1D6E2D96006}.Release|Any CPU.Build.0 = Release|Any CPU
		{FCB67FBE-A7C6-45FD-9B7F-095A124E46D6}.Debug|Any CPU.ActiveCfg = Debug|Any CPU
		{FCB67FBE-A7C6-45FD-9B7F-095A124E46D6}.Debug|Any CPU.Build.0 = Debug|Any CPU
		{FCB67FBE-A7C6-45FD-9B7F-095A124E46D6}.Release|Any CPU.ActiveCfg = Release|Any CPU
		{FCB67FBE-A7C6-45FD-9B7F-095A124E46D6}.Release|Any CPU.Build.0 = Release|Any CPU
		{A8772190-7F9F-4247-8BC0-60FF90E17C03}.Debug|Any CPU.ActiveCfg = Debug|Any CPU
		{A8772190-7F9F-4247-8BC0-60FF90E17C03}.Debug|Any CPU.Build.0 = Debug|Any CPU
		{A8772190-7F9F-4247-8BC0-60FF90E17C03}.Release|Any CPU.ActiveCfg = Release|Any CPU
		{A8772190-7F9F-4247-8BC0-60FF90E17C03}.Release|Any CPU.Build.0 = Release|Any CPU
		{DCE633BA-3A1F-4A56-AE0B-19C0C3746C79}.Debug|Any CPU.ActiveCfg = Debug|Any CPU
		{DCE633BA-3A1F-4A56-AE0B-19C0C3746C79}.Debug|Any CPU.Build.0 = Debug|Any CPU
		{DCE633BA-3A1F-4A56-AE0B-19C0C3746C79}.Release|Any CPU.ActiveCfg = Release|Any CPU
		{DCE633BA-3A1F-4A56-AE0B-19C0C3746C79}.Release|Any CPU.Build.0 = Release|Any CPU
		{4C5D6D64-0026-4731-BB66-ED07FD270FCA}.Debug|Any CPU.ActiveCfg = Debug|Any CPU
		{4C5D6D64-0026-4731-BB66-ED07FD270FCA}.Debug|Any CPU.Build.0 = Debug|Any CPU
		{4C5D6D64-0026-4731-BB66-ED07FD270FCA}.Release|Any CPU.ActiveCfg = Release|Any CPU
		{4C5D6D64-0026-4731-BB66-ED07FD270FCA}.Release|Any CPU.Build.0 = Release|Any CPU
		{41F17999-761B-4A72-8204-47C0D3FC2739}.Debug|Any CPU.ActiveCfg = Debug|Any CPU
		{41F17999-761B-4A72-8204-47C0D3FC2739}.Debug|Any CPU.Build.0 = Debug|Any CPU
		{41F17999-761B-4A72-8204-47C0D3FC2739}.Release|Any CPU.ActiveCfg = Release|Any CPU
		{41F17999-761B-4A72-8204-47C0D3FC2739}.Release|Any CPU.Build.0 = Release|Any CPU
		{F1FCFDC3-D975-4DBC-B2B5-F1A9EB340A3E}.Debug|Any CPU.ActiveCfg = Debug|Any CPU
		{F1FCFDC3-D975-4DBC-B2B5-F1A9EB340A3E}.Debug|Any CPU.Build.0 = Debug|Any CPU
		{F1FCFDC3-D975-4DBC-B2B5-F1A9EB340A3E}.Release|Any CPU.ActiveCfg = Release|Any CPU
		{F1FCFDC3-D975-4DBC-B2B5-F1A9EB340A3E}.Release|Any CPU.Build.0 = Release|Any CPU
		{1C230B79-474F-4B73-9F94-BCBCE79D8738}.Debug|Any CPU.ActiveCfg = Debug|Any CPU
		{1C230B79-474F-4B73-9F94-BCBCE79D8738}.Debug|Any CPU.Build.0 = Debug|Any CPU
		{1C230B79-474F-4B73-9F94-BCBCE79D8738}.Release|Any CPU.ActiveCfg = Release|Any CPU
		{1C230B79-474F-4B73-9F94-BCBCE79D8738}.Release|Any CPU.Build.0 = Release|Any CPU
		{648A9185-2505-4B51-946A-EDB487A16436}.Debug|Any CPU.ActiveCfg = Debug|Any CPU
		{648A9185-2505-4B51-946A-EDB487A16436}.Debug|Any CPU.Build.0 = Debug|Any CPU
		{648A9185-2505-4B51-946A-EDB487A16436}.Release|Any CPU.ActiveCfg = Release|Any CPU
		{648A9185-2505-4B51-946A-EDB487A16436}.Release|Any CPU.Build.0 = Release|Any CPU
		{EDEED1BC-3965-4F4E-94DD-AEE03AD1AFFA}.Debug|Any CPU.ActiveCfg = Debug|Any CPU
		{EDEED1BC-3965-4F4E-94DD-AEE03AD1AFFA}.Debug|Any CPU.Build.0 = Debug|Any CPU
		{EDEED1BC-3965-4F4E-94DD-AEE03AD1AFFA}.Release|Any CPU.ActiveCfg = Release|Any CPU
		{EDEED1BC-3965-4F4E-94DD-AEE03AD1AFFA}.Release|Any CPU.Build.0 = Release|Any CPU
		{0A8A456E-39BE-49C3-B98A-F972BA2072B3}.Debug|Any CPU.ActiveCfg = Debug|Any CPU
		{0A8A456E-39BE-49C3-B98A-F972BA2072B3}.Debug|Any CPU.Build.0 = Debug|Any CPU
		{0A8A456E-39BE-49C3-B98A-F972BA2072B3}.Release|Any CPU.ActiveCfg = Release|Any CPU
		{0A8A456E-39BE-49C3-B98A-F972BA2072B3}.Release|Any CPU.Build.0 = Release|Any CPU
		{8010B1C2-29E6-4854-A80F-1FEA01A2410B}.Debug|Any CPU.ActiveCfg = Debug|Any CPU
		{8010B1C2-29E6-4854-A80F-1FEA01A2410B}.Debug|Any CPU.Build.0 = Debug|Any CPU
		{8010B1C2-29E6-4854-A80F-1FEA01A2410B}.Release|Any CPU.ActiveCfg = Release|Any CPU
		{8010B1C2-29E6-4854-A80F-1FEA01A2410B}.Release|Any CPU.Build.0 = Release|Any CPU
		{B465CDE0-DFB3-4E6A-B9AD-872CFA4EF367}.Debug|Any CPU.ActiveCfg = Debug|Any CPU
		{B465CDE0-DFB3-4E6A-B9AD-872CFA4EF367}.Debug|Any CPU.Build.0 = Debug|Any CPU
		{B465CDE0-DFB3-4E6A-B9AD-872CFA4EF367}.Release|Any CPU.ActiveCfg = Release|Any CPU
		{B465CDE0-DFB3-4E6A-B9AD-872CFA4EF367}.Release|Any CPU.Build.0 = Release|Any CPU
		{F1928390-800E-4F1A-98BE-5EEF047DE04A}.Debug|Any CPU.ActiveCfg = Debug|Any CPU
		{F1928390-800E-4F1A-98BE-5EEF047DE04A}.Debug|Any CPU.Build.0 = Debug|Any CPU
		{F1928390-800E-4F1A-98BE-5EEF047DE04A}.Release|Any CPU.ActiveCfg = Release|Any CPU
		{F1928390-800E-4F1A-98BE-5EEF047DE04A}.Release|Any CPU.Build.0 = Release|Any CPU
		{7D7744B1-C8DF-45BD-9D68-6D3212E02043}.Debug|Any CPU.ActiveCfg = Debug|Any CPU
		{7D7744B1-C8DF-45BD-9D68-6D3212E02043}.Debug|Any CPU.Build.0 = Debug|Any CPU
		{7D7744B1-C8DF-45BD-9D68-6D3212E02043}.Release|Any CPU.ActiveCfg = Release|Any CPU
		{7D7744B1-C8DF-45BD-9D68-6D3212E02043}.Release|Any CPU.Build.0 = Release|Any CPU
		{C308F37D-2F56-4110-BE95-E6E289FBD27A}.Debug|Any CPU.ActiveCfg = Debug|Any CPU
		{C308F37D-2F56-4110-BE95-E6E289FBD27A}.Debug|Any CPU.Build.0 = Debug|Any CPU
		{C308F37D-2F56-4110-BE95-E6E289FBD27A}.Release|Any CPU.ActiveCfg = Release|Any CPU
		{C308F37D-2F56-4110-BE95-E6E289FBD27A}.Release|Any CPU.Build.0 = Release|Any CPU
		{B1361CA7-42B7-4B12-8652-A82297C2771E}.Debug|Any CPU.ActiveCfg = Debug|Any CPU
		{B1361CA7-42B7-4B12-8652-A82297C2771E}.Debug|Any CPU.Build.0 = Debug|Any CPU
		{B1361CA7-42B7-4B12-8652-A82297C2771E}.Release|Any CPU.ActiveCfg = Release|Any CPU
		{B1361CA7-42B7-4B12-8652-A82297C2771E}.Release|Any CPU.Build.0 = Release|Any CPU
		{C88A4A0D-A3F9-47F7-8C84-CC9AF4D1DE2A}.Debug|Any CPU.ActiveCfg = Debug|Any CPU
		{C88A4A0D-A3F9-47F7-8C84-CC9AF4D1DE2A}.Debug|Any CPU.Build.0 = Debug|Any CPU
		{C88A4A0D-A3F9-47F7-8C84-CC9AF4D1DE2A}.Release|Any CPU.ActiveCfg = Release|Any CPU
		{C88A4A0D-A3F9-47F7-8C84-CC9AF4D1DE2A}.Release|Any CPU.Build.0 = Release|Any CPU
		{D9C1988E-B737-4D57-B22C-B715E9DBE436}.Debug|Any CPU.ActiveCfg = Debug|Any CPU
		{D9C1988E-B737-4D57-B22C-B715E9DBE436}.Debug|Any CPU.Build.0 = Debug|Any CPU
		{D9C1988E-B737-4D57-B22C-B715E9DBE436}.Release|Any CPU.ActiveCfg = Release|Any CPU
		{D9C1988E-B737-4D57-B22C-B715E9DBE436}.Release|Any CPU.Build.0 = Release|Any CPU
		{6BB8D972-A10A-4E86-A621-BA7F5E65D95D}.Debug|Any CPU.ActiveCfg = Debug|Any CPU
		{6BB8D972-A10A-4E86-A621-BA7F5E65D95D}.Debug|Any CPU.Build.0 = Debug|Any CPU
		{6BB8D972-A10A-4E86-A621-BA7F5E65D95D}.Release|Any CPU.ActiveCfg = Release|Any CPU
		{6BB8D972-A10A-4E86-A621-BA7F5E65D95D}.Release|Any CPU.Build.0 = Release|Any CPU
		{E3ABE8E0-A99A-4781-ABBB-488BF3D18D79}.Debug|Any CPU.ActiveCfg = Debug|Any CPU
		{E3ABE8E0-A99A-4781-ABBB-488BF3D18D79}.Debug|Any CPU.Build.0 = Debug|Any CPU
		{E3ABE8E0-A99A-4781-ABBB-488BF3D18D79}.Release|Any CPU.ActiveCfg = Release|Any CPU
		{E3ABE8E0-A99A-4781-ABBB-488BF3D18D79}.Release|Any CPU.Build.0 = Release|Any CPU
		{D0C3A392-827D-4607-9172-FD6149A87FAE}.Debug|Any CPU.ActiveCfg = Debug|Any CPU
		{D0C3A392-827D-4607-9172-FD6149A87FAE}.Debug|Any CPU.Build.0 = Debug|Any CPU
		{D0C3A392-827D-4607-9172-FD6149A87FAE}.Release|Any CPU.ActiveCfg = Release|Any CPU
		{D0C3A392-827D-4607-9172-FD6149A87FAE}.Release|Any CPU.Build.0 = Release|Any CPU
	EndGlobalSection
	GlobalSection(SolutionProperties) = preSolution
		HideSolutionNode = FALSE
	EndGlobalSection
	GlobalSection(NestedProjects) = preSolution
		{1A4E8050-3ABC-4AF2-939F-D39144445D65} = {20E411DF-0D65-414F-824D-B0D85DED2FE9}
		{96C4B5B1-8523-47BA-8358-20EB779FF8A7} = {80AE6DC3-8211-4ECA-859C-30732C23E5FA}
		{616879CD-EFE0-4785-914D-D1D6E2D96006} = {80AE6DC3-8211-4ECA-859C-30732C23E5FA}
		{FCB67FBE-A7C6-45FD-9B7F-095A124E46D6} = {80AE6DC3-8211-4ECA-859C-30732C23E5FA}
		{A8772190-7F9F-4247-8BC0-60FF90E17C03} = {80AE6DC3-8211-4ECA-859C-30732C23E5FA}
		{DCE633BA-3A1F-4A56-AE0B-19C0C3746C79} = {80AE6DC3-8211-4ECA-859C-30732C23E5FA}
		{4C5D6D64-0026-4731-BB66-ED07FD270FCA} = {5BA916D1-078B-4F5C-878D-1643BD5365EE}
		{41F17999-761B-4A72-8204-47C0D3FC2739} = {5BA916D1-078B-4F5C-878D-1643BD5365EE}
		{F1FCFDC3-D975-4DBC-B2B5-F1A9EB340A3E} = {D0C7ED54-23FB-458D-B894-BE643D4E43CA}
		{1C230B79-474F-4B73-9F94-BCBCE79D8738} = {4E6DD2F3-B732-4666-BC0F-00C515F8DC3C}
		{648A9185-2505-4B51-946A-EDB487A16436} = {D2682877-6FBD-46B1-B7FF-999C10DB4934}
		{EDEED1BC-3965-4F4E-94DD-AEE03AD1AFFA} = {D5B88D55-C662-4B32-82CE-AF8CEE5FF88A}
		{0A8A456E-39BE-49C3-B98A-F972BA2072B3} = {099C65D2-3162-41D3-809C-903C551ECB23}
		{8010B1C2-29E6-4854-A80F-1FEA01A2410B} = {02E65855-81E0-44C1-84DF-0DB1BD6619E0}
		{B465CDE0-DFB3-4E6A-B9AD-872CFA4EF367} = {14BAAC91-E095-425A-822F-BA42957576E9}
		{F1928390-800E-4F1A-98BE-5EEF047DE04A} = {6F3AEE78-A86D-445E-B594-F024625FEC31}
		{7D7744B1-C8DF-45BD-9D68-6D3212E02043} = {6F3AEE78-A86D-445E-B594-F024625FEC31}
		{C308F37D-2F56-4110-BE95-E6E289FBD27A} = {6F3AEE78-A86D-445E-B594-F024625FEC31}
		{B1361CA7-42B7-4B12-8652-A82297C2771E} = {6F3AEE78-A86D-445E-B594-F024625FEC31}
		{C88A4A0D-A3F9-47F7-8C84-CC9AF4D1DE2A} = {F04DE687-E4BF-4360-BCFB-55DFA688AEE5}
		{D9C1988E-B737-4D57-B22C-B715E9DBE436} = {F04DE687-E4BF-4360-BCFB-55DFA688AEE5}
		{6BB8D972-A10A-4E86-A621-BA7F5E65D95D} = {F04DE687-E4BF-4360-BCFB-55DFA688AEE5}
		{E3ABE8E0-A99A-4781-ABBB-488BF3D18D79} = {F04DE687-E4BF-4360-BCFB-55DFA688AEE5}
		{D0C3A392-827D-4607-9172-FD6149A87FAE} = {F04DE687-E4BF-4360-BCFB-55DFA688AEE5}
	EndGlobalSection
	GlobalSection(ExtensibilityGlobals) = postSolution
		SolutionGuid = {6EDAB726-B9D4-4077-9BE7-75B951046210}
	EndGlobalSection
EndGlobal
