
Microsoft Visual Studio Solution File, Format Version 12.00
# Visual Studio 15
VisualStudioVersion = 15.0.27130.0
MinimumVisualStudioVersion = 10.0.40219.1
Project("{2150E333-8FDC-42A3-9474-1A3956D46DE8}") = "01 kintamieji", "01 kintamieji", "{20E411DF-0D65-414F-824D-B0D85DED2FE9}"
EndProject
Project("{2150E333-8FDC-42A3-9474-1A3956D46DE8}") = "02 isvedimai", "02 isvedimai", "{80AE6DC3-8211-4ECA-859C-30732C23E5FA}"
EndProject
Project("{2150E333-8FDC-42A3-9474-1A3956D46DE8}") = "03 aritmetiniai veiksmai", "03 aritmetiniai veiksmai", "{5BA916D1-078B-4F5C-878D-1643BD5365EE}"
EndProject
Project("{FAE04EC0-301F-11D3-BF4B-00C04F79EFBC}") = "01-1 uzduotis", "01-1 uzduotis\01-1 uzduotis.csproj", "{1A4E8050-3ABC-4AF2-939F-D39144445D65}"
EndProject
Project("{FAE04EC0-301F-11D3-BF4B-00C04F79EFBC}") = "02-1 uzduotis", "02-1 uzduotis\02-1 uzduotis.csproj", "{96C4B5B1-8523-47BA-8358-20EB779FF8A7}"
EndProject
Project("{FAE04EC0-301F-11D3-BF4B-00C04F79EFBC}") = "02-2 uzduotis", "02-2 uzduotis\02-2 uzduotis.csproj", "{616879CD-EFE0-4785-914D-D1D6E2D96006}"
EndProject
Project("{FAE04EC0-301F-11D3-BF4B-00C04F79EFBC}") = "02-3 uzduotis", "02-3 uzduotis\02-3 uzduotis.csproj", "{FCB67FBE-A7C6-45FD-9B7F-095A124E46D6}"
EndProject
Project("{FAE04EC0-301F-11D3-BF4B-00C04F79EFBC}") = "02-4 uzduotis", "02-4 uzduotis\02-4 uzduotis.csproj", "{A8772190-7F9F-4247-8BC0-60FF90E17C03}"
EndProject
Project("{FAE04EC0-301F-11D3-BF4B-00C04F79EFBC}") = "02-5", "02-5\02-5.csproj", "{DCE633BA-3A1F-4A56-AE0B-19C0C3746C79}"
EndProject
Project("{FAE04EC0-301F-11D3-BF4B-00C04F79EFBC}") = "03-1 uzduotis", "03-1 uzduotis\03-1 uzduotis.csproj", "{4C5D6D64-0026-4731-BB66-ED07FD270FCA}"
EndProject
Project("{FAE04EC0-301F-11D3-BF4B-00C04F79EFBC}") = "03-2 uzduotis", "03-2 uzduotis\03-2 uzduotis.csproj", "{41F17999-761B-4A72-8204-47C0D3FC2739}"
EndProject
Project("{2150E333-8FDC-42A3-9474-1A3956D46DE8}") = "04 ivedimai", "04 ivedimai", "{D0C7ED54-23FB-458D-B894-BE643D4E43CA}"
EndProject
Project("{FAE04EC0-301F-11D3-BF4B-00C04F79EFBC}") = "04-1 uzduotis", "04-1 uzduotis\04-1 uzduotis.csproj", "{F1FCFDC3-D975-4DBC-B2B5-F1A9EB340A3E}"
EndProject
Global
	GlobalSection(SolutionConfigurationPlatforms) = preSolution
		Debug|Any CPU = Debug|Any CPU
		Release|Any CPU = Release|Any CPU
	EndGlobalSection
	GlobalSection(ProjectConfigurationPlatforms) = postSolution
		{1A4E8050-3ABC-4AF2-939F-D39144445D65}.Debug|Any CPU.ActiveCfg = Debug|Any CPU
		{1A4E8050-3ABC-4AF2-939F-D39144445D65}.Debug|Any CPU.Build.0 = Debug|Any CPU
		{1A4E8050-3ABC-4AF2-939F-D39144445D65}.Release|Any CPU.ActiveCfg = Release|Any CPU
		{1A4E8050-3ABC-4AF2-939F-D39144445D65}.Release|Any CPU.Build.0 = Release|Any CPU
		{96C4B5B1-8523-47BA-8358-20EB779FF8A7}.Debug|Any CPU.ActiveCfg = Debug|Any CPU
		{96C4B5B1-8523-47BA-8358-20EB779FF8A7}.Debug|Any CPU.Build.0 = Debug|Any CPU
		{96C4B5B1-8523-47BA-8358-20EB779FF8A7}.Release|Any CPU.ActiveCfg = Release|Any CPU
		{96C4B5B1-8523-47BA-8358-20EB779FF8A7}.Release|Any CPU.Build.0 = Release|Any CPU
		{616879CD-EFE0-4785-914D-D1D6E2D96006}.Debug|Any CPU.ActiveCfg = Debug|Any CPU
		{616879CD-EFE0-4785-914D-D1D6E2D96006}.Debug|Any CPU.Build.0 = Debug|Any CPU
		{616879CD-EFE0-4785-914D-D1D6E2D96006}.Release|Any CPU.ActiveCfg = Release|Any CPU
		{616879CD-EFE0-4785-914D-D1D6E2D96006}.Release|Any CPU.Build.0 = Release|Any CPU
		{FCB67FBE-A7C6-45FD-9B7F-095A124E46D6}.Debug|Any CPU.ActiveCfg = Debug|Any CPU
		{FCB67FBE-A7C6-45FD-9B7F-095A124E46D6}.Debug|Any CPU.Build.0 = Debug|Any CPU
		{FCB67FBE-A7C6-45FD-9B7F-095A124E46D6}.Release|Any CPU.ActiveCfg = Release|Any CPU
		{FCB67FBE-A7C6-45FD-9B7F-095A124E46D6}.Release|Any CPU.Build.0 = Release|Any CPU
		{A8772190-7F9F-4247-8BC0-60FF90E17C03}.Debug|Any CPU.ActiveCfg = Debug|Any CPU
		{A8772190-7F9F-4247-8BC0-60FF90E17C03}.Debug|Any CPU.Build.0 = Debug|Any CPU
		{A8772190-7F9F-4247-8BC0-60FF90E17C03}.Release|Any CPU.ActiveCfg = Release|Any CPU
		{A8772190-7F9F-4247-8BC0-60FF90E17C03}.Release|Any CPU.Build.0 = Release|Any CPU
		{DCE633BA-3A1F-4A56-AE0B-19C0C3746C79}.Debug|Any CPU.ActiveCfg = Debug|Any CPU
		{DCE633BA-3A1F-4A56-AE0B-19C0C3746C79}.Debug|Any CPU.Build.0 = Debug|Any CPU
		{DCE633BA-3A1F-4A56-AE0B-19C0C3746C79}.Release|Any CPU.ActiveCfg = Release|Any CPU
		{DCE633BA-3A1F-4A56-AE0B-19C0C3746C79}.Release|Any CPU.Build.0 = Release|Any CPU
		{4C5D6D64-0026-4731-BB66-ED07FD270FCA}.Debug|Any CPU.ActiveCfg = Debug|Any CPU
		{4C5D6D64-0026-4731-BB66-ED07FD270FCA}.Debug|Any CPU.Build.0 = Debug|Any CPU
		{4C5D6D64-0026-4731-BB66-ED07FD270FCA}.Release|Any CPU.ActiveCfg = Release|Any CPU
		{4C5D6D64-0026-4731-BB66-ED07FD270FCA}.Release|Any CPU.Build.0 = Release|Any CPU
		{41F17999-761B-4A72-8204-47C0D3FC2739}.Debug|Any CPU.ActiveCfg = Debug|Any CPU
		{41F17999-761B-4A72-8204-47C0D3FC2739}.Debug|Any CPU.Build.0 = Debug|Any CPU
		{41F17999-761B-4A72-8204-47C0D3FC2739}.Release|Any CPU.ActiveCfg = Release|Any CPU
		{41F17999-761B-4A72-8204-47C0D3FC2739}.Release|Any CPU.Build.0 = Release|Any CPU
		{F1FCFDC3-D975-4DBC-B2B5-F1A9EB340A3E}.Debug|Any CPU.ActiveCfg = Debug|Any CPU
		{F1FCFDC3-D975-4DBC-B2B5-F1A9EB340A3E}.Debug|Any CPU.Build.0 = Debug|Any CPU
		{F1FCFDC3-D975-4DBC-B2B5-F1A9EB340A3E}.Release|Any CPU.ActiveCfg = Release|Any CPU
		{F1FCFDC3-D975-4DBC-B2B5-F1A9EB340A3E}.Release|Any CPU.Build.0 = Release|Any CPU
	EndGlobalSection
	GlobalSection(SolutionProperties) = preSolution
		HideSolutionNode = FALSE
	EndGlobalSection
	GlobalSection(NestedProjects) = preSolution
		{1A4E8050-3ABC-4AF2-939F-D39144445D65} = {20E411DF-0D65-414F-824D-B0D85DED2FE9}
		{96C4B5B1-8523-47BA-8358-20EB779FF8A7} = {80AE6DC3-8211-4ECA-859C-30732C23E5FA}
		{616879CD-EFE0-4785-914D-D1D6E2D96006} = {80AE6DC3-8211-4ECA-859C-30732C23E5FA}
		{FCB67FBE-A7C6-45FD-9B7F-095A124E46D6} = {80AE6DC3-8211-4ECA-859C-30732C23E5FA}
		{A8772190-7F9F-4247-8BC0-60FF90E17C03} = {80AE6DC3-8211-4ECA-859C-30732C23E5FA}
		{DCE633BA-3A1F-4A56-AE0B-19C0C3746C79} = {80AE6DC3-8211-4ECA-859C-30732C23E5FA}
		{4C5D6D64-0026-4731-BB66-ED07FD270FCA} = {5BA916D1-078B-4F5C-878D-1643BD5365EE}
		{41F17999-761B-4A72-8204-47C0D3FC2739} = {5BA916D1-078B-4F5C-878D-1643BD5365EE}
		{F1FCFDC3-D975-4DBC-B2B5-F1A9EB340A3E} = {D0C7ED54-23FB-458D-B894-BE643D4E43CA}
	EndGlobalSection
	GlobalSection(ExtensibilityGlobals) = postSolution
		SolutionGuid = {6EDAB726-B9D4-4077-9BE7-75B951046210}
	EndGlobalSection
EndGlobal
